// !$*UTF8*$!
{
	archiveVersion = 1;
	classes = {
	};
	objectVersion = 50;
	objects = {

/* Begin PBXBuildFile section */
		39CB5947215263CC00971FBC /* AppDelegate.swift in Sources */ = {isa = PBXBuildFile; fileRef = 39CB5946215263CC00971FBC /* AppDelegate.swift */; };
		39CB5949215263CC00971FBC /* art.scnassets in Resources */ = {isa = PBXBuildFile; fileRef = 39CB5948215263CC00971FBC /* art.scnassets */; };
		39CB594B215263CC00971FBC /* ViewController.swift in Sources */ = {isa = PBXBuildFile; fileRef = 39CB594A215263CC00971FBC /* ViewController.swift */; };
		39CB594E215263CC00971FBC /* Main.storyboard in Resources */ = {isa = PBXBuildFile; fileRef = 39CB594C215263CC00971FBC /* Main.storyboard */; };
		39CB5950215263CC00971FBC /* Assets.xcassets in Resources */ = {isa = PBXBuildFile; fileRef = 39CB594F215263CC00971FBC /* Assets.xcassets */; };
		39CB5953215263CC00971FBC /* LaunchScreen.storyboard in Resources */ = {isa = PBXBuildFile; fileRef = 39CB5951215263CC00971FBC /* LaunchScreen.storyboard */; };
/* End PBXBuildFile section */

/* Begin PBXFileReference section */
		39CB5943215263CC00971FBC /* AR Surface.app */ = {isa = PBXFileReference; explicitFileType = wrapper.application; includeInIndex = 0; path = "AR Surface.app"; sourceTree = BUILT_PRODUCTS_DIR; };
		39CB5946215263CC00971FBC /* AppDelegate.swift */ = {isa = PBXFileReference; lastKnownFileType = sourcecode.swift; path = AppDelegate.swift; sourceTree = "<group>"; };
		39CB5948215263CC00971FBC /* art.scnassets */ = {isa = PBXFileReference; lastKnownFileType = wrapper.scnassets; path = art.scnassets; sourceTree = "<group>"; };
		39CB594A215263CC00971FBC /* ViewController.swift */ = {isa = PBXFileReference; lastKnownFileType = sourcecode.swift; path = ViewController.swift; sourceTree = "<group>"; };
		39CB594D215263CC00971FBC /* Base */ = {isa = PBXFileReference; lastKnownFileType = file.storyboard; name = Base; path = Base.lproj/Main.storyboard; sourceTree = "<group>"; };
		39CB594F215263CC00971FBC /* Assets.xcassets */ = {isa = PBXFileReference; lastKnownFileType = folder.assetcatalog; path = Assets.xcassets; sourceTree = "<group>"; };
		39CB5952215263CC00971FBC /* Base */ = {isa = PBXFileReference; lastKnownFileType = file.storyboard; name = Base; path = Base.lproj/LaunchScreen.storyboard; sourceTree = "<group>"; };
		39CB5954215263CC00971FBC /* Info.plist */ = {isa = PBXFileReference; lastKnownFileType = text.plist.xml; path = Info.plist; sourceTree = "<group>"; };
/* End PBXFileReference section */

/* Begin PBXFrameworksBuildPhase section */
		39CB5940215263CC00971FBC /* Frameworks */ = {
			isa = PBXFrameworksBuildPhase;
			buildActionMask = 2147483647;
			files = (
			);
			runOnlyForDeploymentPostprocessing = 0;
		};
/* End PBXFrameworksBuildPhase section */

/* Begin PBXGroup section */
		39CB593A215263CC00971FBC = {
			isa = PBXGroup;
			children = (
				39CB5945215263CC00971FBC /* AR Surface */,
				39CB5944215263CC00971FBC /* Products */,
			);
			sourceTree = "<group>";
		};
		39CB5944215263CC00971FBC /* Products */ = {
			isa = PBXGroup;
			children = (
				39CB5943215263CC00971FBC /* AR Surface.app */,
			);
			name = Products;
			sourceTree = "<group>";
		};
		39CB5945215263CC00971FBC /* AR Surface */ = {
			isa = PBXGroup;
			children = (
				39CB5946215263CC00971FBC /* AppDelegate.swift */,
				39CB5948215263CC00971FBC /* art.scnassets */,
				39CB594A215263CC00971FBC /* ViewController.swift */,
				39CB594C215263CC00971FBC /* Main.storyboard */,
				39CB594F215263CC00971FBC /* Assets.xcassets */,
				39CB5951215263CC00971FBC /* LaunchScreen.storyboard */,
				39CB5954215263CC00971FBC /* Info.plist */,
			);
			path = "AR Surface";
			sourceTree = "<group>";
		};
/* End PBXGroup section */

/* Begin PBXNativeTarget section */
		39CB5942215263CC00971FBC /* AR Surface */ = {
			isa = PBXNativeTarget;
			buildConfigurationList = 39CB5957215263CC00971FBC /* Build configuration list for PBXNativeTarget "AR Surface" */;
			buildPhases = (
				39CB593F215263CC00971FBC /* Sources */,
				39CB5940215263CC00971FBC /* Frameworks */,
				39CB5941215263CC00971FBC /* Resources */,
			);
			buildRules = (
			);
			dependencies = (
			);
			name = "AR Surface";
			productName = "AR Surface";
			productReference = 39CB5943215263CC00971FBC /* AR Surface.app */;
			productType = "com.apple.product-type.application";
		};
/* End PBXNativeTarget section */

/* Begin PBXProject section */
		39CB593B215263CC00971FBC /* Project object */ = {
			isa = PBXProject;
			attributes = {
				LastSwiftUpdateCheck = 0940;
				LastUpgradeCheck = 0940;
				ORGANIZATIONNAME = "Timur Saidov";
				TargetAttributes = {
					39CB5942215263CC00971FBC = {
						CreatedOnToolsVersion = 9.4.1;
					};
				};
			};
			buildConfigurationList = 39CB593E215263CC00971FBC /* Build configuration list for PBXProject "AR Surface" */;
			compatibilityVersion = "Xcode 9.3";
			developmentRegion = en;
			hasScannedForEncodings = 0;
			knownRegions = (
				en,
				Base,
			);
			mainGroup = 39CB593A215263CC00971FBC;
			productRefGroup = 39CB5944215263CC00971FBC /* Products */;
			projectDirPath = "";
			projectRoot = "";
			targets = (
				39CB5942215263CC00971FBC /* AR Surface */,
			);
		};
/* End PBXProject section */

/* Begin PBXResourcesBuildPhase section */
		39CB5941215263CC00971FBC /* Resources */ = {
			isa = PBXResourcesBuildPhase;
			buildActionMask = 2147483647;
			files = (
				39CB5949215263CC00971FBC /* art.scnassets in Resources */,
				39CB5953215263CC00971FBC /* LaunchScreen.storyboard in Resources */,
				39CB5950215263CC00971FBC /* Assets.xcassets in Resources */,
				39CB594E215263CC00971FBC /* Main.storyboard in Resources */,
			);
			runOnlyForDeploymentPostprocessing = 0;
		};
/* End PBXResourcesBuildPhase section */

/* Begin PBXSourcesBuildPhase section */
		39CB593F215263CC00971FBC /* Sources */ = {
			isa = PBXSourcesBuildPhase;
			buildActionMask = 2147483647;
			files = (
				39CB594B215263CC00971FBC /* ViewController.swift in Sources */,
				39CB5947215263CC00971FBC /* AppDelegate.swift in Sources */,
			);
			runOnlyForDeploymentPostprocessing = 0;
		};
/* End PBXSourcesBuildPhase section */

/* Begin PBXVariantGroup section */
		39CB594C215263CC00971FBC /* Main.storyboard */ = {
			isa = PBXVariantGroup;
			children = (
				39CB594D215263CC00971FBC /* Base */,
			);
			name = Main.storyboard;
			sourceTree = "<group>";
		};
		39CB5951215263CC00971FBC /* LaunchScreen.storyboard */ = {
			isa = PBXVariantGroup;
			children = (
				39CB5952215263CC00971FBC /* Base */,
			);
			name = LaunchScreen.storyboard;
			sourceTree = "<group>";
		};
/* End PBXVariantGroup section */

/* Begin XCBuildConfiguration section */
		39CB5955215263CC00971FBC /* Debug */ = {
			isa = XCBuildConfiguration;
			buildSettings = {
				ALWAYS_SEARCH_USER_PATHS = NO;
				CLANG_ANALYZER_NONNULL = YES;
				CLANG_ANALYZER_NUMBER_OBJECT_CONVERSION = YES_AGGRESSIVE;
				CLANG_CXX_LANGUAGE_STANDARD = "gnu++14";
				CLANG_CXX_LIBRARY = "libc++";
				CLANG_ENABLE_MODULES = YES;
				CLANG_ENABLE_OBJC_ARC = YES;
				CLANG_ENABLE_OBJC_WEAK = YES;
				CLANG_WARN_BLOCK_CAPTURE_AUTORELEASING = YES;
				CLANG_WARN_BOOL_CONVERSION = YES;
				CLANG_WARN_COMMA = YES;
				CLANG_WARN_CONSTANT_CONVERSION = YES;
				CLANG_WARN_DEPRECATED_OBJC_IMPLEMENTATIONS = YES;
				CLANG_WARN_DIRECT_OBJC_ISA_USAGE = YES_ERROR;
				CLANG_WARN_DOCUMENTATION_COMMENTS = YES;
				CLANG_WARN_EMPTY_BODY = YES;
				CLANG_WARN_ENUM_CONVERSION = YES;
				CLANG_WARN_INFINITE_RECURSION = YES;
				CLANG_WARN_INT_CONVERSION = YES;
				CLANG_WARN_NON_LITERAL_NULL_CONVERSION = YES;
				CLANG_WARN_OBJC_IMPLICIT_RETAIN_SELF = YES;
				CLANG_WARN_OBJC_LITERAL_CONVERSION = YES;
				CLANG_WARN_OBJC_ROOT_CLASS = YES_ERROR;
				CLANG_WARN_RANGE_LOOP_ANALYSIS = YES;
				CLANG_WARN_STRICT_PROTOTYPES = YES;
				CLANG_WARN_SUSPICIOUS_MOVE = YES;
				CLANG_WARN_UNGUARDED_AVAILABILITY = YES_AGGRESSIVE;
				CLANG_WARN_UNREACHABLE_CODE = YES;
				CLANG_WARN__DUPLICATE_METHOD_MATCH = YES;
				CODE_SIGN_IDENTITY = "iPhone Developer";
				COPY_PHASE_STRIP = NO;
				DEBUG_INFORMATION_FORMAT = dwarf;
				ENABLE_STRICT_OBJC_MSGSEND = YES;
				ENABLE_TESTABILITY = YES;
				GCC_C_LANGUAGE_STANDARD = gnu11;
				GCC_DYNAMIC_NO_PIC = NO;
				GCC_NO_COMMON_BLOCKS = YES;
				GCC_OPTIMIZATION_LEVEL = 0;
				GCC_PREPROCESSOR_DEFINITIONS = (
					"DEBUG=1",
					"$(inherited)",
				);
				GCC_WARN_64_TO_32_BIT_CONVERSION = YES;
				GCC_WARN_ABOUT_RETURN_TYPE = YES_ERROR;
				GCC_WARN_UNDECLARED_SELECTOR = YES;
				GCC_WARN_UNINITIALIZED_AUTOS = YES_AGGRESSIVE;
				GCC_WARN_UNUSED_FUNCTION = YES;
				GCC_WARN_UNUSED_VARIABLE = YES;
				IPHONEOS_DEPLOYMENT_TARGET = 11.4;
				MTL_ENABLE_DEBUG_INFO = YES;
				ONLY_ACTIVE_ARCH = YES;
				SDKROOT = iphoneos;
				SWIFT_ACTIVE_COMPILATION_CONDITIONS = DEBUG;
				SWIFT_OPTIMIZATION_LEVEL = "-Onone";
			};
			name = Debug;
		};
		39CB5956215263CC00971FBC /* Release */ = {
			isa = XCBuildConfiguration;
			buildSettings = {
				ALWAYS_SEARCH_USER_PATHS = NO;
				CLANG_ANALYZER_NONNULL = YES;
				CLANG_ANALYZER_NUMBER_OBJECT_CONVERSION = YES_AGGRESSIVE;
				CLANG_CXX_LANGUAGE_STANDARD = "gnu++14";
				CLANG_CXX_LIBRARY = "libc++";
				CLANG_ENABLE_MODULES = YES;
				CLANG_ENABLE_OBJC_ARC = YES;
				CLANG_ENABLE_OBJC_WEAK = YES;
				CLANG_WARN_BLOCK_CAPTURE_AUTORELEASING = YES;
				CLANG_WARN_BOOL_CONVERSION = YES;
				CLANG_WARN_COMMA = YES;
				CLANG_WARN_CONSTANT_CONVERSION = YES;
				CLANG_WARN_DEPRECATED_OBJC_IMPLEMENTATIONS = YES;
				CLANG_WARN_DIRECT_OBJC_ISA_USAGE = YES_ERROR;
				CLANG_WARN_DOCUMENTATION_COMMENTS = YES;
				CLANG_WARN_EMPTY_BODY = YES;
				CLANG_WARN_ENUM_CONVERSION = YES;
				CLANG_WARN_INFINITE_RECURSION = YES;
				CLANG_WARN_INT_CONVERSION = YES;
				CLANG_WARN_NON_LITERAL_NULL_CONVERSION = YES;
				CLANG_WARN_OBJC_IMPLICIT_RETAIN_SELF = YES;
				CLANG_WARN_OBJC_LITERAL_CONVERSION = YES;
				CLANG_WARN_OBJC_ROOT_CLASS = YES_ERROR;
				CLANG_WARN_RANGE_LOOP_ANALYSIS = YES;
				CLANG_WARN_STRICT_PROTOTYPES = YES;
				CLANG_WARN_SUSPICIOUS_MOVE = YES;
				CLANG_WARN_UNGUARDED_AVAILABILITY = YES_AGGRESSIVE;
				CLANG_WARN_UNREACHABLE_CODE = YES;
				CLANG_WARN__DUPLICATE_METHOD_MATCH = YES;
				CODE_SIGN_IDENTITY = "iPhone Developer";
				COPY_PHASE_STRIP = NO;
				DEBUG_INFORMATION_FORMAT = "dwarf-with-dsym";
				ENABLE_NS_ASSERTIONS = NO;
				ENABLE_STRICT_OBJC_MSGSEND = YES;
				GCC_C_LANGUAGE_STANDARD = gnu11;
				GCC_NO_COMMON_BLOCKS = YES;
				GCC_WARN_64_TO_32_BIT_CONVERSION = YES;
				GCC_WARN_ABOUT_RETURN_TYPE = YES_ERROR;
				GCC_WARN_UNDECLARED_SELECTOR = YES;
				GCC_WARN_UNINITIALIZED_AUTOS = YES_AGGRESSIVE;
				GCC_WARN_UNUSED_FUNCTION = YES;
				GCC_WARN_UNUSED_VARIABLE = YES;
				IPHONEOS_DEPLOYMENT_TARGET = 11.4;
				MTL_ENABLE_DEBUG_INFO = NO;
				SDKROOT = iphoneos;
				SWIFT_COMPILATION_MODE = wholemodule;
				SWIFT_OPTIMIZATION_LEVEL = "-O";
				VALIDATE_PRODUCT = YES;
			};
			name = Release;
		};
		39CB5958215263CC00971FBC /* Debug */ = {
			isa = XCBuildConfiguration;
			buildSettings = {
				ASSETCATALOG_COMPILER_APPICON_NAME = AppIcon;
				CODE_SIGN_STYLE = Automatic;
				DEVELOPMENT_TEAM = 3W84AJ77MA;
				INFOPLIST_FILE = "AR Surface/Info.plist";
				LD_RUNPATH_SEARCH_PATHS = (
					"$(inherited)",
					"@executable_path/Frameworks",
				);
				PRODUCT_BUNDLE_IDENTIFIER = "Timur.AR-Surface";
				PRODUCT_NAME = "$(TARGET_NAME)";
				SWIFT_VERSION = 4.0;
				TARGETED_DEVICE_FAMILY = "1,2";
			};
			name = Debug;
		};
		39CB5959215263CC00971FBC /* Release */ = {
			isa = XCBuildConfiguration;
			buildSettings = {
				ASSETCATALOG_COMPILER_APPICON_NAME = AppIcon;
				CODE_SIGN_STYLE = Automatic;
				DEVELOPMENT_TEAM = 3W84AJ77MA;
				INFOPLIST_FILE = "AR Surface/Info.plist";
				LD_RUNPATH_SEARCH_PATHS = (
					"$(inherited)",
					"@executable_path/Frameworks",
				);
				PRODUCT_BUNDLE_IDENTIFIER = "Timur.AR-Surface";
				PRODUCT_NAME = "$(TARGET_NAME)";
				SWIFT_VERSION = 4.0;
				TARGETED_DEVICE_FAMILY = "1,2";
			};
			name = Release;
		};
/* End XCBuildConfiguration section */

/* Begin XCConfigurationList section */
		39CB593E215263CC00971FBC /* Build configuration list for PBXProject "AR Surface" */ = {
			isa = XCConfigurationList;
			buildConfigurations = (
				39CB5955215263CC00971FBC /* Debug */,
				39CB5956215263CC00971FBC /* Release */,
			);
			defaultConfigurationIsVisible = 0;
			defaultConfigurationName = Release;
		};
		39CB5957215263CC00971FBC /* Build configuration list for PBXNativeTarget "AR Surface" */ = {
			isa = XCConfigurationList;
			buildConfigurations = (
				39CB5958215263CC00971FBC /* Debug */,
				39CB5959215263CC00971FBC /* Release */,
			);
			defaultConfigurationIsVisible = 0;
			defaultConfigurationName = Release;
		};
/* End XCConfigurationList section */
	};
	rootObject = 39CB593B215263CC00971FBC /* Project object */;
}
